
Microsoft Visual Studio Solution File, Format Version 12.00
# Visual Studio Version 17
VisualStudioVersion = 17.14.36202.13 d17.14
MinimumVisualStudioVersion = 10.0.40219.1
Project("{FAE04EC0-301F-11D3-BF4B-00C04F79EFBC}") = "kenshi_mod_combiner", "kenshi_mod_combiner.csproj", "{8AF87732-8CBA-439E-8780-7037B9519431}"
EndProject
Global
	GlobalSection(SolutionConfigurationPlatforms) = preSolution
		Debug|Any CPU = Debug|Any CPU
		Release|Any CPU = Release|Any CPU
	EndGlobalSection
	GlobalSection(ProjectConfigurationPlatforms) = postSolution
		{8AF87732-8CBA-439E-8780-7037B9519431}.Debug|Any CPU.ActiveCfg = Debug|Any CPU
		{8AF87732-8CBA-439E-8780-7037B9519431}.Debug|Any CPU.Build.0 = Debug|Any CPU
		{8AF87732-8CBA-439E-8780-7037B9519431}.Release|Any CPU.ActiveCfg = Release|Any CPU
		{8AF87732-8CBA-439E-8780-7037B9519431}.Release|Any CPU.Build.0 = Release|Any CPU
	EndGlobalSection
	GlobalSection(SolutionProperties) = preSolution
		HideSolutionNode = FALSE
	EndGlobalSection
	GlobalSection(ExtensibilityGlobals) = postSolution
		SolutionGuid = {EF7DDCFF-97E6-4401-90BE-72AC4716E31E}
	EndGlobalSection
EndGlobal
